
Microsoft Visual Studio Solution File, Format Version 12.00
# Visual Studio Version 16
VisualStudioVersion = 16.0.29209.62
MinimumVisualStudioVersion = 10.0.40219.1
Project("{FAE04EC0-301F-11D3-BF4B-00C04F79EFBC}") = "поиск слов", "поиск слов\поиск слов.csproj", "{0FE0636E-54D1-495A-8D33-97E17C9894E4}"
EndProject
Global
	GlobalSection(SolutionConfigurationPlatforms) = preSolution
		Debug|Any CPU = Debug|Any CPU
		Release|Any CPU = Release|Any CPU
	EndGlobalSection
	GlobalSection(ProjectConfigurationPlatforms) = postSolution
		{0FE0636E-54D1-495A-8D33-97E17C9894E4}.Debug|Any CPU.ActiveCfg = Debug|Any CPU
		{0FE0636E-54D1-495A-8D33-97E17C9894E4}.Debug|Any CPU.Build.0 = Debug|Any CPU
		{0FE0636E-54D1-495A-8D33-97E17C9894E4}.Release|Any CPU.ActiveCfg = Release|Any CPU
		{0FE0636E-54D1-495A-8D33-97E17C9894E4}.Release|Any CPU.Build.0 = Release|Any CPU
	EndGlobalSection
	GlobalSection(SolutionProperties) = preSolution
		HideSolutionNode = FALSE
	EndGlobalSection
	GlobalSection(ExtensibilityGlobals) = postSolution
		SolutionGuid = {A24167F5-846E-4494-B96C-1DF832897326}
	EndGlobalSection
EndGlobal
